
Microsoft Visual Studio Solution File, Format Version 12.00
# Visual Studio Version 17
VisualStudioVersion = 17.7.34031.279
MinimumVisualStudioVersion = 10.0.40219.1
Project("{FAE04EC0-301F-11D3-BF4B-00C04F79EFBC}") = "library", "library\library.csproj", "{CFC170EE-6DC2-4767-B704-784BE746E1C3}"
EndProject
Global
	GlobalSection(SolutionConfigurationPlatforms) = preSolution
		Debug|Any CPU = Debug|Any CPU
		Release|Any CPU = Release|Any CPU
	EndGlobalSection
	GlobalSection(ProjectConfigurationPlatforms) = postSolution
		{CFC170EE-6DC2-4767-B704-784BE746E1C3}.Debug|Any CPU.ActiveCfg = Debug|Any CPU
		{CFC170EE-6DC2-4767-B704-784BE746E1C3}.Debug|Any CPU.Build.0 = Debug|Any CPU
		{CFC170EE-6DC2-4767-B704-784BE746E1C3}.Release|Any CPU.ActiveCfg = Release|Any CPU
		{CFC170EE-6DC2-4767-B704-784BE746E1C3}.Release|Any CPU.Build.0 = Release|Any CPU
	EndGlobalSection
	GlobalSection(SolutionProperties) = preSolution
		HideSolutionNode = FALSE
	EndGlobalSection
	GlobalSection(ExtensibilityGlobals) = postSolution
		SolutionGuid = {CA2FAEC2-CE9C-4C02-A2D6-E9AF068A4672}
	EndGlobalSection
EndGlobal
